// !$*UTF8*$!
{
	archiveVersion = 1;
	classes = {
	};
	objectVersion = 48;
	objects = {

/* Begin PBXBuildFile section */
		3E1FB05A2035B9ED002E4DB9 /* AppDelegate.swift in Sources */ = {isa = PBXBuildFile; fileRef = 3E1FB0582035B9ED002E4DB9 /* AppDelegate.swift */; };
		3E1FB05B2035B9ED002E4DB9 /* ViewController.swift in Sources */ = {isa = PBXBuildFile; fileRef = 3E1FB0592035B9ED002E4DB9 /* ViewController.swift */; };
		3EB9F14320514E6A003478A4 /* LaunchScreen.storyboard in Resources */ = {isa = PBXBuildFile; fileRef = 3EB9F14220514E6A003478A4 /* LaunchScreen.storyboard */; };
		3EB9F14520514E71003478A4 /* Main.storyboard in Resources */ = {isa = PBXBuildFile; fileRef = 3EB9F14420514E70003478A4 /* Main.storyboard */; };
		3ED83F502035CEF9009CADD6 /* Assets.xcassets in Resources */ = {isa = PBXBuildFile; fileRef = 3ED83F4F2035CEF9009CADD6 /* Assets.xcassets */; };
/* End PBXBuildFile section */

/* Begin PBXContainerItemProxy section */
		3E12C20D203A25A100601E5E /* PBXContainerItemProxy */ = {
			isa = PBXContainerItemProxy;
			containerPortal = 3EB0D6B82035D5C600D79887 /* Croc.xcodeproj */;
			proxyType = 2;
			remoteGlobalIDString = 3E1FAFEB2035B31B002E4DB9;
			remoteInfo = CrociOS;
		};
		3E12C20F203A25A100601E5E /* PBXContainerItemProxy */ = {
			isa = PBXContainerItemProxy;
			containerPortal = 3EB0D6B82035D5C600D79887 /* Croc.xcodeproj */;
			proxyType = 2;
			remoteGlobalIDString = 3E1FAFF32035B31C002E4DB9;
			remoteInfo = CrociOSTests;
		};
		3E12C211203A25A100601E5E /* PBXContainerItemProxy */ = {
			isa = PBXContainerItemProxy;
			containerPortal = 3EB0D6B82035D5C600D79887 /* Croc.xcodeproj */;
			proxyType = 2;
			remoteGlobalIDString = 3E1FB0072035B32C002E4DB9;
			remoteInfo = CrocWatchOS;
		};
		3E12C213203A25A100601E5E /* PBXContainerItemProxy */ = {
			isa = PBXContainerItemProxy;
			containerPortal = 3EB0D6B82035D5C600D79887 /* Croc.xcodeproj */;
			proxyType = 2;
			remoteGlobalIDString = 3E1FB0142035B350002E4DB9;
			remoteInfo = CrocTVOS;
		};
		3E12C215203A25A100601E5E /* PBXContainerItemProxy */ = {
			isa = PBXContainerItemProxy;
			containerPortal = 3EB0D6B82035D5C600D79887 /* Croc.xcodeproj */;
			proxyType = 2;
			remoteGlobalIDString = 3E1FB01C2035B350002E4DB9;
			remoteInfo = CrocTVOSTests;
		};
		3E12C217203A25A100601E5E /* PBXContainerItemProxy */ = {
			isa = PBXContainerItemProxy;
			containerPortal = 3EB0D6B82035D5C600D79887 /* Croc.xcodeproj */;
			proxyType = 2;
			remoteGlobalIDString = 3E1FB0332035B382002E4DB9;
			remoteInfo = CrocOSX;
		};
		3E12C219203A25A100601E5E /* PBXContainerItemProxy */ = {
			isa = PBXContainerItemProxy;
			containerPortal = 3EB0D6B82035D5C600D79887 /* Croc.xcodeproj */;
			proxyType = 2;
			remoteGlobalIDString = 3E1FB03B2035B382002E4DB9;
			remoteInfo = CrocOSXTests;
		};
/* End PBXContainerItemProxy section */

/* Begin PBXFileReference section */
		3E1FAFC92035A3F3002E4DB9 /* iOS Example.app */ = {isa = PBXFileReference; explicitFileType = wrapper.application; includeInIndex = 0; path = "iOS Example.app"; sourceTree = BUILT_PRODUCTS_DIR; };
		3E1FB0582035B9ED002E4DB9 /* AppDelegate.swift */ = {isa = PBXFileReference; fileEncoding = 4; lastKnownFileType = sourcecode.swift; name = AppDelegate.swift; path = Source/AppDelegate.swift; sourceTree = SOURCE_ROOT; };
		3E1FB0592035B9ED002E4DB9 /* ViewController.swift */ = {isa = PBXFileReference; fileEncoding = 4; lastKnownFileType = sourcecode.swift; name = ViewController.swift; path = Source/ViewController.swift; sourceTree = SOURCE_ROOT; };
		3EB0D6B82035D5C600D79887 /* Croc.xcodeproj */ = {isa = PBXFileReference; lastKnownFileType = "wrapper.pb-project"; name = Croc.xcodeproj; path = ../Croc.xcodeproj; sourceTree = "<group>"; };
		3EB9F14220514E6A003478A4 /* LaunchScreen.storyboard */ = {isa = PBXFileReference; lastKnownFileType = file.storyboard; path = LaunchScreen.storyboard; sourceTree = "<group>"; };
		3EB9F14420514E70003478A4 /* Main.storyboard */ = {isa = PBXFileReference; lastKnownFileType = file.storyboard; path = Main.storyboard; sourceTree = "<group>"; };
		3ED83F4B2035CECA009CADD6 /* Info.plist */ = {isa = PBXFileReference; fileEncoding = 4; lastKnownFileType = text.plist.xml; name = Info.plist; path = Resources/Info.plist; sourceTree = SOURCE_ROOT; };
		3ED83F4F2035CEF9009CADD6 /* Assets.xcassets */ = {isa = PBXFileReference; lastKnownFileType = folder.assetcatalog; name = Assets.xcassets; path = Resources/Assets.xcassets; sourceTree = SOURCE_ROOT; };
		3ED83F512035CF05009CADD6 /* Base.lproj */ = {isa = PBXFileReference; lastKnownFileType = folder; name = Base.lproj; path = Resources/Base.lproj; sourceTree = SOURCE_ROOT; };
/* End PBXFileReference section */

/* Begin PBXFrameworksBuildPhase section */
		3E1FAFC62035A3F3002E4DB9 /* Frameworks */ = {
			isa = PBXFrameworksBuildPhase;
			buildActionMask = 2147483647;
			files = (
			);
			runOnlyForDeploymentPostprocessing = 0;
		};
/* End PBXFrameworksBuildPhase section */

/* Begin PBXGroup section */
		3E12C204203A25A100601E5E /* Products */ = {
			isa = PBXGroup;
			children = (
				3E12C20E203A25A100601E5E /* Croc.framework */,
				3E12C210203A25A100601E5E /* CrociOSTests.xctest */,
				3E12C212203A25A100601E5E /* Croc.framework */,
				3E12C214203A25A100601E5E /* Croc.framework */,
				3E12C216203A25A100601E5E /* CrocTVOSTests.xctest */,
				3E12C218203A25A100601E5E /* Croc.framework */,
				3E12C21A203A25A100601E5E /* CrocOSXTests.xctest */,
			);
			name = Products;
			sourceTree = "<group>";
		};
		3E1FAFC02035A3F3002E4DB9 = {
			isa = PBXGroup;
			children = (
				3EB9F14420514E70003478A4 /* Main.storyboard */,
				3EB9F14220514E6A003478A4 /* LaunchScreen.storyboard */,
				3EB0D6B82035D5C600D79887 /* Croc.xcodeproj */,
				3E1FAFCB2035A3F3002E4DB9 /* Source */,
				3E1FAFCA2035A3F3002E4DB9 /* Products */,
			);
			sourceTree = "<group>";
		};
		3E1FAFCA2035A3F3002E4DB9 /* Products */ = {
			isa = PBXGroup;
			children = (
				3E1FAFC92035A3F3002E4DB9 /* iOS Example.app */,
			);
			name = Products;
			sourceTree = "<group>";
		};
		3E1FAFCB2035A3F3002E4DB9 /* Source */ = {
			isa = PBXGroup;
			children = (
				3ED83F4A2035CE4B009CADD6 /* Supporting Files */,
				3E1FB0582035B9ED002E4DB9 /* AppDelegate.swift */,
				3E1FB0592035B9ED002E4DB9 /* ViewController.swift */,
			);
			path = Source;
			sourceTree = "<group>";
		};
		3ED83F4A2035CE4B009CADD6 /* Supporting Files */ = {
			isa = PBXGroup;
			children = (
				3ED83F512035CF05009CADD6 /* Base.lproj */,
				3ED83F4F2035CEF9009CADD6 /* Assets.xcassets */,
				3ED83F4B2035CECA009CADD6 /* Info.plist */,
			);
			name = "Supporting Files";
			path = ../Resources;
			sourceTree = "<group>";
		};
/* End PBXGroup section */

/* Begin PBXNativeTarget section */
		3E1FAFC82035A3F3002E4DB9 /* iOS Example */ = {
			isa = PBXNativeTarget;
			buildConfigurationList = 3E1FAFDB2035A3F3002E4DB9 /* Build configuration list for PBXNativeTarget "iOS Example" */;
			buildPhases = (
				3E1FAFC52035A3F3002E4DB9 /* Sources */,
				3E1FAFC62035A3F3002E4DB9 /* Frameworks */,
				3E1FAFC72035A3F3002E4DB9 /* Resources */,
			);
			buildRules = (
			);
			dependencies = (
			);
			name = "iOS Example";
			productName = JKEmojiExample;
			productReference = 3E1FAFC92035A3F3002E4DB9 /* iOS Example.app */;
			productType = "com.apple.product-type.application";
		};
/* End PBXNativeTarget section */

/* Begin PBXProject section */
		3E1FAFC12035A3F3002E4DB9 /* Project object */ = {
			isa = PBXProject;
			attributes = {
				LastSwiftUpdateCheck = 0920;
				LastUpgradeCheck = 0920;
				ORGANIZATIONNAME = "Joseph Kalash";
				TargetAttributes = {
					3E1FAFC82035A3F3002E4DB9 = {
						CreatedOnToolsVersion = 9.2;
						ProvisioningStyle = Automatic;
					};
				};
			};
			buildConfigurationList = 3E1FAFC42035A3F3002E4DB9 /* Build configuration list for PBXProject "iOS Example" */;
			compatibilityVersion = "Xcode 8.0";
			developmentRegion = en;
			hasScannedForEncodings = 0;
			knownRegions = (
				en,
				Base,
			);
			mainGroup = 3E1FAFC02035A3F3002E4DB9;
			productRefGroup = 3E1FAFCA2035A3F3002E4DB9 /* Products */;
			projectDirPath = "";
			projectReferences = (
				{
					ProductGroup = 3E12C204203A25A100601E5E /* Products */;
					ProjectRef = 3EB0D6B82035D5C600D79887 /* Croc.xcodeproj */;
				},
			);
			projectRoot = "";
			targets = (
				3E1FAFC82035A3F3002E4DB9 /* iOS Example */,
			);
		};
/* End PBXProject section */

/* Begin PBXReferenceProxy section */
		3E12C20E203A25A100601E5E /* Croc.framework */ = {
			isa = PBXReferenceProxy;
			fileType = wrapper.framework;
			path = Croc.framework;
			remoteRef = 3E12C20D203A25A100601E5E /* PBXContainerItemProxy */;
			sourceTree = BUILT_PRODUCTS_DIR;
		};
		3E12C210203A25A100601E5E /* CrociOSTests.xctest */ = {
			isa = PBXReferenceProxy;
			fileType = wrapper.cfbundle;
			path = CrociOSTests.xctest;
			remoteRef = 3E12C20F203A25A100601E5E /* PBXContainerItemProxy */;
			sourceTree = BUILT_PRODUCTS_DIR;
		};
		3E12C212203A25A100601E5E /* Croc.framework */ = {
			isa = PBXReferenceProxy;
			fileType = wrapper.framework;
			path = Croc.framework;
			remoteRef = 3E12C211203A25A100601E5E /* PBXContainerItemProxy */;
			sourceTree = BUILT_PRODUCTS_DIR;
		};
		3E12C214203A25A100601E5E /* Croc.framework */ = {
			isa = PBXReferenceProxy;
			fileType = wrapper.framework;
			path = Croc.framework;
			remoteRef = 3E12C213203A25A100601E5E /* PBXContainerItemProxy */;
			sourceTree = BUILT_PRODUCTS_DIR;
		};
		3E12C216203A25A100601E5E /* CrocTVOSTests.xctest */ = {
			isa = PBXReferenceProxy;
			fileType = wrapper.cfbundle;
			path = CrocTVOSTests.xctest;
			remoteRef = 3E12C215203A25A100601E5E /* PBXContainerItemProxy */;
			sourceTree = BUILT_PRODUCTS_DIR;
		};
		3E12C218203A25A100601E5E /* Croc.framework */ = {
			isa = PBXReferenceProxy;
			fileType = wrapper.framework;
			path = Croc.framework;
			remoteRef = 3E12C217203A25A100601E5E /* PBXContainerItemProxy */;
			sourceTree = BUILT_PRODUCTS_DIR;
		};
		3E12C21A203A25A100601E5E /* CrocOSXTests.xctest */ = {
			isa = PBXReferenceProxy;
			fileType = wrapper.cfbundle;
			path = CrocOSXTests.xctest;
			remoteRef = 3E12C219203A25A100601E5E /* PBXContainerItemProxy */;
			sourceTree = BUILT_PRODUCTS_DIR;
		};
/* End PBXReferenceProxy section */

/* Begin PBXResourcesBuildPhase section */
		3E1FAFC72035A3F3002E4DB9 /* Resources */ = {
			isa = PBXResourcesBuildPhase;
			buildActionMask = 2147483647;
			files = (
				3ED83F502035CEF9009CADD6 /* Assets.xcassets in Resources */,
				3EB9F14320514E6A003478A4 /* LaunchScreen.storyboard in Resources */,
				3EB9F14520514E71003478A4 /* Main.storyboard in Resources */,
			);
			runOnlyForDeploymentPostprocessing = 0;
		};
/* End PBXResourcesBuildPhase section */

/* Begin PBXSourcesBuildPhase section */
		3E1FAFC52035A3F3002E4DB9 /* Sources */ = {
			isa = PBXSourcesBuildPhase;
			buildActionMask = 2147483647;
			files = (
				3E1FB05A2035B9ED002E4DB9 /* AppDelegate.swift in Sources */,
				3E1FB05B2035B9ED002E4DB9 /* ViewController.swift in Sources */,
			);
			runOnlyForDeploymentPostprocessing = 0;
		};
/* End PBXSourcesBuildPhase section */

/* Begin XCBuildConfiguration section */
		3E1FAFD92035A3F3002E4DB9 /* Debug */ = {
			isa = XCBuildConfiguration;
			buildSettings = {
				ALWAYS_SEARCH_USER_PATHS = NO;
				CLANG_ANALYZER_NONNULL = YES;
				CLANG_ANALYZER_NUMBER_OBJECT_CONVERSION = YES_AGGRESSIVE;
				CLANG_CXX_LANGUAGE_STANDARD = "gnu++14";
				CLANG_CXX_LIBRARY = "libc++";
				CLANG_ENABLE_MODULES = YES;
				CLANG_ENABLE_OBJC_ARC = YES;
				CLANG_WARN_BLOCK_CAPTURE_AUTORELEASING = YES;
				CLANG_WARN_BOOL_CONVERSION = YES;
				CLANG_WARN_COMMA = YES;
				CLANG_WARN_CONSTANT_CONVERSION = YES;
				CLANG_WARN_DIRECT_OBJC_ISA_USAGE = YES_ERROR;
				CLANG_WARN_DOCUMENTATION_COMMENTS = YES;
				CLANG_WARN_EMPTY_BODY = YES;
				CLANG_WARN_ENUM_CONVERSION = YES;
				CLANG_WARN_INFINITE_RECURSION = YES;
				CLANG_WARN_INT_CONVERSION = YES;
				CLANG_WARN_NON_LITERAL_NULL_CONVERSION = YES;
				CLANG_WARN_OBJC_LITERAL_CONVERSION = YES;
				CLANG_WARN_OBJC_ROOT_CLASS = YES_ERROR;
				CLANG_WARN_RANGE_LOOP_ANALYSIS = YES;
				CLANG_WARN_STRICT_PROTOTYPES = YES;
				CLANG_WARN_SUSPICIOUS_MOVE = YES;
				CLANG_WARN_UNGUARDED_AVAILABILITY = YES_AGGRESSIVE;
				CLANG_WARN_UNREACHABLE_CODE = YES;
				CLANG_WARN__DUPLICATE_METHOD_MATCH = YES;
				CODE_SIGN_IDENTITY = "iPhone Developer";
				COPY_PHASE_STRIP = NO;
				DEBUG_INFORMATION_FORMAT = dwarf;
				ENABLE_STRICT_OBJC_MSGSEND = YES;
				ENABLE_TESTABILITY = YES;
				GCC_C_LANGUAGE_STANDARD = gnu11;
				GCC_DYNAMIC_NO_PIC = NO;
				GCC_NO_COMMON_BLOCKS = YES;
				GCC_OPTIMIZATION_LEVEL = 0;
				GCC_PREPROCESSOR_DEFINITIONS = (
					"DEBUG=1",
					"$(inherited)",
				);
				GCC_WARN_64_TO_32_BIT_CONVERSION = YES;
				GCC_WARN_ABOUT_RETURN_TYPE = YES_ERROR;
				GCC_WARN_UNDECLARED_SELECTOR = YES;
				GCC_WARN_UNINITIALIZED_AUTOS = YES_AGGRESSIVE;
				GCC_WARN_UNUSED_FUNCTION = YES;
				GCC_WARN_UNUSED_VARIABLE = YES;
				IPHONEOS_DEPLOYMENT_TARGET = 11.2;
				MTL_ENABLE_DEBUG_INFO = YES;
				ONLY_ACTIVE_ARCH = YES;
				SDKROOT = iphoneos;
				SWIFT_ACTIVE_COMPILATION_CONDITIONS = DEBUG;
				SWIFT_OPTIMIZATION_LEVEL = "-Onone";
			};
			name = Debug;
		};
		3E1FAFDA2035A3F3002E4DB9 /* Release */ = {
			isa = XCBuildConfiguration;
			buildSettings = {
				ALWAYS_SEARCH_USER_PATHS = NO;
				CLANG_ANALYZER_NONNULL = YES;
				CLANG_ANALYZER_NUMBER_OBJECT_CONVERSION = YES_AGGRESSIVE;
				CLANG_CXX_LANGUAGE_STANDARD = "gnu++14";
				CLANG_CXX_LIBRARY = "libc++";
				CLANG_ENABLE_MODULES = YES;
				CLANG_ENABLE_OBJC_ARC = YES;
				CLANG_WARN_BLOCK_CAPTURE_AUTORELEASING = YES;
				CLANG_WARN_BOOL_CONVERSION = YES;
				CLANG_WARN_COMMA = YES;
				CLANG_WARN_CONSTANT_CONVERSION = YES;
				CLANG_WARN_DIRECT_OBJC_ISA_USAGE = YES_ERROR;
				CLANG_WARN_DOCUMENTATION_COMMENTS = YES;
				CLANG_WARN_EMPTY_BODY = YES;
				CLANG_WARN_ENUM_CONVERSION = YES;
				CLANG_WARN_INFINITE_RECURSION = YES;
				CLANG_WARN_INT_CONVERSION = YES;
				CLANG_WARN_NON_LITERAL_NULL_CONVERSION = YES;
				CLANG_WARN_OBJC_LITERAL_CONVERSION = YES;
				CLANG_WARN_OBJC_ROOT_CLASS = YES_ERROR;
				CLANG_WARN_RANGE_LOOP_ANALYSIS = YES;
				CLANG_WARN_STRICT_PROTOTYPES = YES;
				CLANG_WARN_SUSPICIOUS_MOVE = YES;
				CLANG_WARN_UNGUARDED_AVAILABILITY = YES_AGGRESSIVE;
				CLANG_WARN_UNREACHABLE_CODE = YES;
				CLANG_WARN__DUPLICATE_METHOD_MATCH = YES;
				CODE_SIGN_IDENTITY = "iPhone Developer";
				COPY_PHASE_STRIP = NO;
				DEBUG_INFORMATION_FORMAT = "dwarf-with-dsym";
				ENABLE_NS_ASSERTIONS = NO;
				ENABLE_STRICT_OBJC_MSGSEND = YES;
				GCC_C_LANGUAGE_STANDARD = gnu11;
				GCC_NO_COMMON_BLOCKS = YES;
				GCC_WARN_64_TO_32_BIT_CONVERSION = YES;
				GCC_WARN_ABOUT_RETURN_TYPE = YES_ERROR;
				GCC_WARN_UNDECLARED_SELECTOR = YES;
				GCC_WARN_UNINITIALIZED_AUTOS = YES_AGGRESSIVE;
				GCC_WARN_UNUSED_FUNCTION = YES;
				GCC_WARN_UNUSED_VARIABLE = YES;
				IPHONEOS_DEPLOYMENT_TARGET = 11.2;
				MTL_ENABLE_DEBUG_INFO = NO;
				SDKROOT = iphoneos;
				SWIFT_OPTIMIZATION_LEVEL = "-Owholemodule";
				VALIDATE_PRODUCT = YES;
			};
			name = Release;
		};
		3E1FAFDC2035A3F3002E4DB9 /* Debug */ = {
			isa = XCBuildConfiguration;
			buildSettings = {
				CODE_SIGN_STYLE = Automatic;
				DEVELOPMENT_TEAM = 43S54AHEMG;
				INFOPLIST_FILE = Resources/Info.plist;
				LD_RUNPATH_SEARCH_PATHS = "$(inherited) @executable_path/Frameworks";
				ONLY_ACTIVE_ARCH = NO;
				PRODUCT_BUNDLE_IDENTIFIER = com.jkalash.CrocExample;
				PRODUCT_NAME = "$(TARGET_NAME)";
				SWIFT_VERSION = 4.0;
				TARGETED_DEVICE_FAMILY = "1,2";
			};
			name = Debug;
		};
		3E1FAFDD2035A3F3002E4DB9 /* Release */ = {
			isa = XCBuildConfiguration;
			buildSettings = {
				CODE_SIGN_STYLE = Automatic;
				DEVELOPMENT_TEAM = 43S54AHEMG;
				INFOPLIST_FILE = Resources/Info.plist;
				LD_RUNPATH_SEARCH_PATHS = "$(inherited) @executable_path/Frameworks";
				PRODUCT_BUNDLE_IDENTIFIER = com.jkalash.CrocExample;
				PRODUCT_NAME = "$(TARGET_NAME)";
				SWIFT_VERSION = 4.0;
				TARGETED_DEVICE_FAMILY = "1,2";
			};
			name = Release;
		};
/* End XCBuildConfiguration section */

/* Begin XCConfigurationList section */
		3E1FAFC42035A3F3002E4DB9 /* Build configuration list for PBXProject "iOS Example" */ = {
			isa = XCConfigurationList;
			buildConfigurations = (
				3E1FAFD92035A3F3002E4DB9 /* Debug */,
				3E1FAFDA2035A3F3002E4DB9 /* Release */,
			);
			defaultConfigurationIsVisible = 0;
			defaultConfigurationName = Release;
		};
		3E1FAFDB2035A3F3002E4DB9 /* Build configuration list for PBXNativeTarget "iOS Example" */ = {
			isa = XCConfigurationList;
			buildConfigurations = (
				3E1FAFDC2035A3F3002E4DB9 /* Debug */,
				3E1FAFDD2035A3F3002E4DB9 /* Release */,
			);
			defaultConfigurationIsVisible = 0;
			defaultConfigurationName = Release;
		};
/* End XCConfigurationList section */
	};
	rootObject = 3E1FAFC12035A3F3002E4DB9 /* Project object */;
}
